// !$*UTF8*$!
{
	archiveVersion = 1;
	classes = {
	};
	objectVersion = 50;
	objects = {

/* Begin PBXBuildFile section */
		05B1B82121B048C300D7880D /* AppDelegate.swift in Sources */ = {isa = PBXBuildFile; fileRef = 05B1B82021B048C300D7880D /* AppDelegate.swift */; };
		05B1B82B21B048C400D7880D /* Assets.xcassets in Resources */ = {isa = PBXBuildFile; fileRef = 05B1B82A21B048C400D7880D /* Assets.xcassets */; };
		05B1B82E21B048C400D7880D /* LaunchScreen.storyboard in Resources */ = {isa = PBXBuildFile; fileRef = 05B1B82C21B048C400D7880D /* LaunchScreen.storyboard */; };
		05B1B84421B04B5400D7880D /* APIClient.swift in Sources */ = {isa = PBXBuildFile; fileRef = 05B1B84321B04B5400D7880D /* APIClient.swift */; };
		05B1B84621B04D0D00D7880D /* CustomTableViewController.swift in Sources */ = {isa = PBXBuildFile; fileRef = 05B1B84521B04D0D00D7880D /* CustomTableViewController.swift */; };
		05B1B84821B0607200D7880D /* PostsDataSourceDelegate.swift in Sources */ = {isa = PBXBuildFile; fileRef = 05B1B84721B0607200D7880D /* PostsDataSourceDelegate.swift */; };
		05B1B84C21B12FA200D7880D /* PhonePostsViewFactory.swift in Sources */ = {isa = PBXBuildFile; fileRef = 05B1B84B21B12FA200D7880D /* PhonePostsViewFactory.swift */; };
		05B1B84E21B135D800D7880D /* Coordinator.swift in Sources */ = {isa = PBXBuildFile; fileRef = 05B1B84D21B135D800D7880D /* Coordinator.swift */; };
		05B1B85021B1382B00D7880D /* URLRequestFactory.swift in Sources */ = {isa = PBXBuildFile; fileRef = 05B1B84F21B1382B00D7880D /* URLRequestFactory.swift */; };
		05B1B85421B13E8F00D7880D /* PostDetailDataSourceDelegate.swift in Sources */ = {isa = PBXBuildFile; fileRef = 05B1B85321B13E8F00D7880D /* PostDetailDataSourceDelegate.swift */; };
		05B1B85621B1470E00D7880D /* APIClientModels.swift in Sources */ = {isa = PBXBuildFile; fileRef = 05B1B85521B1470E00D7880D /* APIClientModels.swift */; };
		05B1B85821B1473F00D7880D /* PostViewModel.swift in Sources */ = {isa = PBXBuildFile; fileRef = 05B1B85721B1473F00D7880D /* PostViewModel.swift */; };
		05B1B85A21B147C500D7880D /* PostDetailViewModel.swift in Sources */ = {isa = PBXBuildFile; fileRef = 05B1B85921B147C500D7880D /* PostDetailViewModel.swift */; };
		05B1B85C21B147F800D7880D /* Models.swift in Sources */ = {isa = PBXBuildFile; fileRef = 05B1B85B21B147F800D7880D /* Models.swift */; };
		05B1B85E21B1481F00D7880D /* DataLoaderModels.swift in Sources */ = {isa = PBXBuildFile; fileRef = 05B1B85D21B1481F00D7880D /* DataLoaderModels.swift */; };
		05B1B86021B1761400D7880D /* RemoteModels.swift in Sources */ = {isa = PBXBuildFile; fileRef = 05B1B85F21B1761400D7880D /* RemoteModels.swift */; };
		05B1B86421B2EBBD00D7880D /* RemoteDataLoader.swift in Sources */ = {isa = PBXBuildFile; fileRef = 05B1B86321B2EBBC00D7880D /* RemoteDataLoader.swift */; };
		05B1B86621B3F21300D7880D /* LocalDataLoader.swift in Sources */ = {isa = PBXBuildFile; fileRef = 05B1B86521B3F21300D7880D /* LocalDataLoader.swift */; };
		05B1B86821B3F99500D7880D /* LocalModels.swift in Sources */ = {isa = PBXBuildFile; fileRef = 05B1B86721B3F99500D7880D /* LocalModels.swift */; };
		05B1B86A21B3FDC100D7880D /* ComposedDataLoader.swift in Sources */ = {isa = PBXBuildFile; fileRef = 05B1B86921B3FDC100D7880D /* ComposedDataLoader.swift */; };
		05B1B86C21B402EC00D7880D /* CoreDataRepository.swift in Sources */ = {isa = PBXBuildFile; fileRef = 05B1B86B21B402EC00D7880D /* CoreDataRepository.swift */; };
		05B1B87221B42E5C00D7880D /* BabylonHealthDemo.xcdatamodeld in Sources */ = {isa = PBXBuildFile; fileRef = 05B1B87021B42E5C00D7880D /* BabylonHealthDemo.xcdatamodeld */; };
		05B1B87421B547ED00D7880D /* URLRequestFactoryTest.swift in Sources */ = {isa = PBXBuildFile; fileRef = 05B1B87321B547EC00D7880D /* URLRequestFactoryTest.swift */; };
		05B1B87621B54A0F00D7880D /* APIClientTest.swift in Sources */ = {isa = PBXBuildFile; fileRef = 05B1B87521B54A0F00D7880D /* APIClientTest.swift */; };
		05B1B87821B54E4700D7880D /* CoordinatorTest.swift in Sources */ = {isa = PBXBuildFile; fileRef = 05B1B87721B54E4700D7880D /* CoordinatorTest.swift */; };
		05B1B87A21B5525B00D7880D /* PhonePostsViewFactoryTest.swift in Sources */ = {isa = PBXBuildFile; fileRef = 05B1B87921B5525B00D7880D /* PhonePostsViewFactoryTest.swift */; };
		05B1B87D21B6907700D7880D /* RemoteDataLoaderTest.swift in Sources */ = {isa = PBXBuildFile; fileRef = 05B1B87C21B6907700D7880D /* RemoteDataLoaderTest.swift */; };
/* End PBXBuildFile section */

/* Begin PBXContainerItemProxy section */
		05B1B83521B048C400D7880D /* PBXContainerItemProxy */ = {
			isa = PBXContainerItemProxy;
			containerPortal = 05B1B81521B048C300D7880D /* Project object */;
			proxyType = 1;
			remoteGlobalIDString = 05B1B81C21B048C300D7880D;
			remoteInfo = BabylonHealthDemo;
		};
/* End PBXContainerItemProxy section */

/* Begin PBXFileReference section */
		05B1B81D21B048C300D7880D /* BabylonHealthDemo.app */ = {isa = PBXFileReference; explicitFileType = wrapper.application; includeInIndex = 0; path = BabylonHealthDemo.app; sourceTree = BUILT_PRODUCTS_DIR; };
		05B1B82021B048C300D7880D /* AppDelegate.swift */ = {isa = PBXFileReference; lastKnownFileType = sourcecode.swift; path = AppDelegate.swift; sourceTree = "<group>"; };
		05B1B82A21B048C400D7880D /* Assets.xcassets */ = {isa = PBXFileReference; lastKnownFileType = folder.assetcatalog; path = Assets.xcassets; sourceTree = "<group>"; };
		05B1B82D21B048C400D7880D /* Base */ = {isa = PBXFileReference; lastKnownFileType = file.storyboard; name = Base; path = Base.lproj/LaunchScreen.storyboard; sourceTree = "<group>"; };
		05B1B82F21B048C400D7880D /* Info.plist */ = {isa = PBXFileReference; lastKnownFileType = text.plist.xml; path = Info.plist; sourceTree = "<group>"; };
		05B1B83421B048C400D7880D /* BabylonHealthDemoTests.xctest */ = {isa = PBXFileReference; explicitFileType = wrapper.cfbundle; includeInIndex = 0; path = BabylonHealthDemoTests.xctest; sourceTree = BUILT_PRODUCTS_DIR; };
		05B1B83A21B048C400D7880D /* Info.plist */ = {isa = PBXFileReference; lastKnownFileType = text.plist.xml; path = Info.plist; sourceTree = "<group>"; };
		05B1B84321B04B5400D7880D /* APIClient.swift */ = {isa = PBXFileReference; lastKnownFileType = sourcecode.swift; path = APIClient.swift; sourceTree = "<group>"; };
		05B1B84521B04D0D00D7880D /* CustomTableViewController.swift */ = {isa = PBXFileReference; lastKnownFileType = sourcecode.swift; path = CustomTableViewController.swift; sourceTree = "<group>"; };
		05B1B84721B0607200D7880D /* PostsDataSourceDelegate.swift */ = {isa = PBXFileReference; lastKnownFileType = sourcecode.swift; path = PostsDataSourceDelegate.swift; sourceTree = "<group>"; };
		05B1B84B21B12FA200D7880D /* PhonePostsViewFactory.swift */ = {isa = PBXFileReference; lastKnownFileType = sourcecode.swift; path = PhonePostsViewFactory.swift; sourceTree = "<group>"; };
		05B1B84D21B135D800D7880D /* Coordinator.swift */ = {isa = PBXFileReference; lastKnownFileType = sourcecode.swift; path = Coordinator.swift; sourceTree = "<group>"; };
		05B1B84F21B1382B00D7880D /* URLRequestFactory.swift */ = {isa = PBXFileReference; lastKnownFileType = sourcecode.swift; path = URLRequestFactory.swift; sourceTree = "<group>"; };
		05B1B85321B13E8F00D7880D /* PostDetailDataSourceDelegate.swift */ = {isa = PBXFileReference; lastKnownFileType = sourcecode.swift; path = PostDetailDataSourceDelegate.swift; sourceTree = "<group>"; };
		05B1B85521B1470E00D7880D /* APIClientModels.swift */ = {isa = PBXFileReference; lastKnownFileType = sourcecode.swift; path = APIClientModels.swift; sourceTree = "<group>"; };
		05B1B85721B1473F00D7880D /* PostViewModel.swift */ = {isa = PBXFileReference; lastKnownFileType = sourcecode.swift; path = PostViewModel.swift; sourceTree = "<group>"; };
		05B1B85921B147C500D7880D /* PostDetailViewModel.swift */ = {isa = PBXFileReference; lastKnownFileType = sourcecode.swift; path = PostDetailViewModel.swift; sourceTree = "<group>"; };
		05B1B85B21B147F800D7880D /* Models.swift */ = {isa = PBXFileReference; lastKnownFileType = sourcecode.swift; path = Models.swift; sourceTree = "<group>"; };
		05B1B85D21B1481F00D7880D /* DataLoaderModels.swift */ = {isa = PBXFileReference; lastKnownFileType = sourcecode.swift; path = DataLoaderModels.swift; sourceTree = "<group>"; };
		05B1B85F21B1761400D7880D /* RemoteModels.swift */ = {isa = PBXFileReference; lastKnownFileType = sourcecode.swift; path = RemoteModels.swift; sourceTree = "<group>"; };
		05B1B86321B2EBBC00D7880D /* RemoteDataLoader.swift */ = {isa = PBXFileReference; fileEncoding = 4; lastKnownFileType = sourcecode.swift; path = RemoteDataLoader.swift; sourceTree = "<group>"; };
		05B1B86521B3F21300D7880D /* LocalDataLoader.swift */ = {isa = PBXFileReference; lastKnownFileType = sourcecode.swift; path = LocalDataLoader.swift; sourceTree = "<group>"; };
		05B1B86721B3F99500D7880D /* LocalModels.swift */ = {isa = PBXFileReference; lastKnownFileType = sourcecode.swift; path = LocalModels.swift; sourceTree = "<group>"; };
		05B1B86921B3FDC100D7880D /* ComposedDataLoader.swift */ = {isa = PBXFileReference; lastKnownFileType = sourcecode.swift; path = ComposedDataLoader.swift; sourceTree = "<group>"; };
		05B1B86B21B402EC00D7880D /* CoreDataRepository.swift */ = {isa = PBXFileReference; lastKnownFileType = sourcecode.swift; path = CoreDataRepository.swift; sourceTree = "<group>"; };
		05B1B87121B42E5C00D7880D /* BabylonHealthDemo.xcdatamodel */ = {isa = PBXFileReference; lastKnownFileType = wrapper.xcdatamodel; path = BabylonHealthDemo.xcdatamodel; sourceTree = "<group>"; };
		05B1B87321B547EC00D7880D /* URLRequestFactoryTest.swift */ = {isa = PBXFileReference; lastKnownFileType = sourcecode.swift; path = URLRequestFactoryTest.swift; sourceTree = "<group>"; };
		05B1B87521B54A0F00D7880D /* APIClientTest.swift */ = {isa = PBXFileReference; lastKnownFileType = sourcecode.swift; path = APIClientTest.swift; sourceTree = "<group>"; };
		05B1B87721B54E4700D7880D /* CoordinatorTest.swift */ = {isa = PBXFileReference; lastKnownFileType = sourcecode.swift; path = CoordinatorTest.swift; sourceTree = "<group>"; };
		05B1B87921B5525B00D7880D /* PhonePostsViewFactoryTest.swift */ = {isa = PBXFileReference; lastKnownFileType = sourcecode.swift; path = PhonePostsViewFactoryTest.swift; sourceTree = "<group>"; };
		05B1B87C21B6907700D7880D /* RemoteDataLoaderTest.swift */ = {isa = PBXFileReference; lastKnownFileType = sourcecode.swift; path = RemoteDataLoaderTest.swift; sourceTree = "<group>"; };
/* End PBXFileReference section */

/* Begin PBXFrameworksBuildPhase section */
		05B1B81A21B048C300D7880D /* Frameworks */ = {
			isa = PBXFrameworksBuildPhase;
			buildActionMask = 2147483647;
			files = (
			);
			runOnlyForDeploymentPostprocessing = 0;
		};
		05B1B83121B048C400D7880D /* Frameworks */ = {
			isa = PBXFrameworksBuildPhase;
			buildActionMask = 2147483647;
			files = (
			);
			runOnlyForDeploymentPostprocessing = 0;
		};
/* End PBXFrameworksBuildPhase section */

/* Begin PBXGroup section */
		05B1B81421B048C300D7880D = {
			isa = PBXGroup;
			children = (
				05B1B81F21B048C300D7880D /* BabylonHealthDemo */,
				05B1B83721B048C400D7880D /* BabylonHealthDemoTests */,
				05B1B81E21B048C300D7880D /* Products */,
			);
			sourceTree = "<group>";
		};
		05B1B81E21B048C300D7880D /* Products */ = {
			isa = PBXGroup;
			children = (
				05B1B81D21B048C300D7880D /* BabylonHealthDemo.app */,
				05B1B83421B048C400D7880D /* BabylonHealthDemoTests.xctest */,
			);
			name = Products;
			sourceTree = "<group>";
		};
		05B1B81F21B048C300D7880D /* BabylonHealthDemo */ = {
			isa = PBXGroup;
			children = (
				05B1B82021B048C300D7880D /* AppDelegate.swift */,
				05B1B84F21B1382B00D7880D /* URLRequestFactory.swift */,
				05B1B84321B04B5400D7880D /* APIClient.swift */,
				05B1B85521B1470E00D7880D /* APIClientModels.swift */,
				05B1B84B21B12FA200D7880D /* PhonePostsViewFactory.swift */,
				05B1B84D21B135D800D7880D /* Coordinator.swift */,
				05B1B84521B04D0D00D7880D /* CustomTableViewController.swift */,
				05B1B84721B0607200D7880D /* PostsDataSourceDelegate.swift */,
				05B1B85721B1473F00D7880D /* PostViewModel.swift */,
				05B1B85321B13E8F00D7880D /* PostDetailDataSourceDelegate.swift */,
				05B1B85B21B147F800D7880D /* Models.swift */,
				05B1B85921B147C500D7880D /* PostDetailViewModel.swift */,
				05B1B85D21B1481F00D7880D /* DataLoaderModels.swift */,
				05B1B86321B2EBBC00D7880D /* RemoteDataLoader.swift */,
				05B1B86521B3F21300D7880D /* LocalDataLoader.swift */,
				05B1B87021B42E5C00D7880D /* BabylonHealthDemo.xcdatamodeld */,
				05B1B86921B3FDC100D7880D /* ComposedDataLoader.swift */,
				05B1B86B21B402EC00D7880D /* CoreDataRepository.swift */,
				05B1B85F21B1761400D7880D /* RemoteModels.swift */,
				05B1B86721B3F99500D7880D /* LocalModels.swift */,
				05B1B82A21B048C400D7880D /* Assets.xcassets */,
				05B1B82C21B048C400D7880D /* LaunchScreen.storyboard */,
				05B1B82F21B048C400D7880D /* Info.plist */,
			);
			path = BabylonHealthDemo;
			sourceTree = "<group>";
		};
		05B1B83721B048C400D7880D /* BabylonHealthDemoTests */ = {
			isa = PBXGroup;
			children = (
				05B1B83A21B048C400D7880D /* Info.plist */,
				05B1B87321B547EC00D7880D /* URLRequestFactoryTest.swift */,
				05B1B87521B54A0F00D7880D /* APIClientTest.swift */,
				05B1B87921B5525B00D7880D /* PhonePostsViewFactoryTest.swift */,
				05B1B87721B54E4700D7880D /* CoordinatorTest.swift */,
				05B1B87C21B6907700D7880D /* RemoteDataLoaderTest.swift */,
			);
			path = BabylonHealthDemoTests;
			sourceTree = "<group>";
		};
/* End PBXGroup section */

/* Begin PBXNativeTarget section */
		05B1B81C21B048C300D7880D /* BabylonHealthDemo */ = {
			isa = PBXNativeTarget;
			buildConfigurationList = 05B1B83D21B048C400D7880D /* Build configuration list for PBXNativeTarget "BabylonHealthDemo" */;
			buildPhases = (
				05B1B81921B048C300D7880D /* Sources */,
				05B1B81A21B048C300D7880D /* Frameworks */,
				05B1B81B21B048C300D7880D /* Resources */,
			);
			buildRules = (
			);
			dependencies = (
			);
			name = BabylonHealthDemo;
			productName = BabylonHealthDemo;
			productReference = 05B1B81D21B048C300D7880D /* BabylonHealthDemo.app */;
			productType = "com.apple.product-type.application";
		};
		05B1B83321B048C400D7880D /* BabylonHealthDemoTests */ = {
			isa = PBXNativeTarget;
			buildConfigurationList = 05B1B84021B048C400D7880D /* Build configuration list for PBXNativeTarget "BabylonHealthDemoTests" */;
			buildPhases = (
				05B1B83021B048C400D7880D /* Sources */,
				05B1B83121B048C400D7880D /* Frameworks */,
				05B1B83221B048C400D7880D /* Resources */,
			);
			buildRules = (
			);
			dependencies = (
				05B1B83621B048C400D7880D /* PBXTargetDependency */,
			);
			name = BabylonHealthDemoTests;
			productName = BabylonHealthDemoTests;
			productReference = 05B1B83421B048C400D7880D /* BabylonHealthDemoTests.xctest */;
			productType = "com.apple.product-type.bundle.unit-test";
		};
/* End PBXNativeTarget section */

/* Begin PBXProject section */
		05B1B81521B048C300D7880D /* Project object */ = {
			isa = PBXProject;
			attributes = {
				LastSwiftUpdateCheck = 1000;
				LastUpgradeCheck = 1000;
				ORGANIZATIONNAME = "Michail Zarmakoupis";
				TargetAttributes = {
					05B1B81C21B048C300D7880D = {
						CreatedOnToolsVersion = 10.0;
					};
					05B1B83321B048C400D7880D = {
						CreatedOnToolsVersion = 10.0;
						LastSwiftMigration = 1000;
						TestTargetID = 05B1B81C21B048C300D7880D;
					};
				};
			};
			buildConfigurationList = 05B1B81821B048C300D7880D /* Build configuration list for PBXProject "BabylonHealthDemo" */;
			compatibilityVersion = "Xcode 9.3";
			developmentRegion = en;
			hasScannedForEncodings = 0;
			knownRegions = (
				en,
				Base,
			);
			mainGroup = 05B1B81421B048C300D7880D;
			productRefGroup = 05B1B81E21B048C300D7880D /* Products */;
			projectDirPath = "";
			projectRoot = "";
			targets = (
				05B1B81C21B048C300D7880D /* BabylonHealthDemo */,
				05B1B83321B048C400D7880D /* BabylonHealthDemoTests */,
			);
		};
/* End PBXProject section */

/* Begin PBXResourcesBuildPhase section */
		05B1B81B21B048C300D7880D /* Resources */ = {
			isa = PBXResourcesBuildPhase;
			buildActionMask = 2147483647;
			files = (
				05B1B82E21B048C400D7880D /* LaunchScreen.storyboard in Resources */,
				05B1B82B21B048C400D7880D /* Assets.xcassets in Resources */,
			);
			runOnlyForDeploymentPostprocessing = 0;
		};
		05B1B83221B048C400D7880D /* Resources */ = {
			isa = PBXResourcesBuildPhase;
			buildActionMask = 2147483647;
			files = (
			);
			runOnlyForDeploymentPostprocessing = 0;
		};
/* End PBXResourcesBuildPhase section */

/* Begin PBXSourcesBuildPhase section */
		05B1B81921B048C300D7880D /* Sources */ = {
			isa = PBXSourcesBuildPhase;
			buildActionMask = 2147483647;
			files = (
				05B1B86A21B3FDC100D7880D /* ComposedDataLoader.swift in Sources */,
				05B1B84E21B135D800D7880D /* Coordinator.swift in Sources */,
				05B1B86021B1761400D7880D /* RemoteModels.swift in Sources */,
				05B1B85C21B147F800D7880D /* Models.swift in Sources */,
				05B1B87221B42E5C00D7880D /* BabylonHealthDemo.xcdatamodeld in Sources */,
				05B1B84C21B12FA200D7880D /* PhonePostsViewFactory.swift in Sources */,
				05B1B84621B04D0D00D7880D /* CustomTableViewController.swift in Sources */,
				05B1B82121B048C300D7880D /* AppDelegate.swift in Sources */,
				05B1B86421B2EBBD00D7880D /* RemoteDataLoader.swift in Sources */,
				05B1B85A21B147C500D7880D /* PostDetailViewModel.swift in Sources */,
				05B1B84421B04B5400D7880D /* APIClient.swift in Sources */,
				05B1B85421B13E8F00D7880D /* PostDetailDataSourceDelegate.swift in Sources */,
				05B1B85821B1473F00D7880D /* PostViewModel.swift in Sources */,
				05B1B85E21B1481F00D7880D /* DataLoaderModels.swift in Sources */,
				05B1B86C21B402EC00D7880D /* CoreDataRepository.swift in Sources */,
				05B1B86621B3F21300D7880D /* LocalDataLoader.swift in Sources */,
				05B1B85621B1470E00D7880D /* APIClientModels.swift in Sources */,
				05B1B86821B3F99500D7880D /* LocalModels.swift in Sources */,
				05B1B85021B1382B00D7880D /* URLRequestFactory.swift in Sources */,
				05B1B84821B0607200D7880D /* PostsDataSourceDelegate.swift in Sources */,
			);
			runOnlyForDeploymentPostprocessing = 0;
		};
		05B1B83021B048C400D7880D /* Sources */ = {
			isa = PBXSourcesBuildPhase;
			buildActionMask = 2147483647;
			files = (
				05B1B87A21B5525B00D7880D /* PhonePostsViewFactoryTest.swift in Sources */,
				05B1B87D21B6907700D7880D /* RemoteDataLoaderTest.swift in Sources */,
				05B1B87421B547ED00D7880D /* URLRequestFactoryTest.swift in Sources */,
				05B1B87821B54E4700D7880D /* CoordinatorTest.swift in Sources */,
				05B1B87621B54A0F00D7880D /* APIClientTest.swift in Sources */,
			);
			runOnlyForDeploymentPostprocessing = 0;
		};
/* End PBXSourcesBuildPhase section */

/* Begin PBXTargetDependency section */
		05B1B83621B048C400D7880D /* PBXTargetDependency */ = {
			isa = PBXTargetDependency;
			target = 05B1B81C21B048C300D7880D /* BabylonHealthDemo */;
			targetProxy = 05B1B83521B048C400D7880D /* PBXContainerItemProxy */;
		};
/* End PBXTargetDependency section */

/* Begin PBXVariantGroup section */
		05B1B82C21B048C400D7880D /* LaunchScreen.storyboard */ = {
			isa = PBXVariantGroup;
			children = (
				05B1B82D21B048C400D7880D /* Base */,
			);
			name = LaunchScreen.storyboard;
			sourceTree = "<group>";
		};
/* End PBXVariantGroup section */

/* Begin XCBuildConfiguration section */
		05B1B83B21B048C400D7880D /* Debug */ = {
			isa = XCBuildConfiguration;
			buildSettings = {
				ALWAYS_SEARCH_USER_PATHS = NO;
				CLANG_ANALYZER_NONNULL = YES;
				CLANG_ANALYZER_NUMBER_OBJECT_CONVERSION = YES_AGGRESSIVE;
				CLANG_CXX_LANGUAGE_STANDARD = "gnu++14";
				CLANG_CXX_LIBRARY = "libc++";
				CLANG_ENABLE_MODULES = YES;
				CLANG_ENABLE_OBJC_ARC = YES;
				CLANG_ENABLE_OBJC_WEAK = YES;
				CLANG_WARN_BLOCK_CAPTURE_AUTORELEASING = YES;
				CLANG_WARN_BOOL_CONVERSION = YES;
				CLANG_WARN_COMMA = YES;
				CLANG_WARN_CONSTANT_CONVERSION = YES;
				CLANG_WARN_DEPRECATED_OBJC_IMPLEMENTATIONS = YES;
				CLANG_WARN_DIRECT_OBJC_ISA_USAGE = YES_ERROR;
				CLANG_WARN_DOCUMENTATION_COMMENTS = YES;
				CLANG_WARN_EMPTY_BODY = YES;
				CLANG_WARN_ENUM_CONVERSION = YES;
				CLANG_WARN_INFINITE_RECURSION = YES;
				CLANG_WARN_INT_CONVERSION = YES;
				CLANG_WARN_NON_LITERAL_NULL_CONVERSION = YES;
				CLANG_WARN_OBJC_IMPLICIT_RETAIN_SELF = YES;
				CLANG_WARN_OBJC_LITERAL_CONVERSION = YES;
				CLANG_WARN_OBJC_ROOT_CLASS = YES_ERROR;
				CLANG_WARN_RANGE_LOOP_ANALYSIS = YES;
				CLANG_WARN_STRICT_PROTOTYPES = YES;
				CLANG_WARN_SUSPICIOUS_MOVE = YES;
				CLANG_WARN_UNGUARDED_AVAILABILITY = YES_AGGRESSIVE;
				CLANG_WARN_UNREACHABLE_CODE = YES;
				CLANG_WARN__DUPLICATE_METHOD_MATCH = YES;
				CODE_SIGN_IDENTITY = "iPhone Developer";
				COPY_PHASE_STRIP = NO;
				DEBUG_INFORMATION_FORMAT = dwarf;
				ENABLE_STRICT_OBJC_MSGSEND = YES;
				ENABLE_TESTABILITY = YES;
				GCC_C_LANGUAGE_STANDARD = gnu11;
				GCC_DYNAMIC_NO_PIC = NO;
				GCC_NO_COMMON_BLOCKS = YES;
				GCC_OPTIMIZATION_LEVEL = 0;
				GCC_PREPROCESSOR_DEFINITIONS = (
					"DEBUG=1",
					"$(inherited)",
				);
				GCC_WARN_64_TO_32_BIT_CONVERSION = YES;
				GCC_WARN_ABOUT_RETURN_TYPE = YES_ERROR;
				GCC_WARN_UNDECLARED_SELECTOR = YES;
				GCC_WARN_UNINITIALIZED_AUTOS = YES_AGGRESSIVE;
				GCC_WARN_UNUSED_FUNCTION = YES;
				GCC_WARN_UNUSED_VARIABLE = YES;
				IPHONEOS_DEPLOYMENT_TARGET = 12.0;
				MTL_ENABLE_DEBUG_INFO = INCLUDE_SOURCE;
				MTL_FAST_MATH = YES;
				ONLY_ACTIVE_ARCH = YES;
				SDKROOT = iphoneos;
				SWIFT_ACTIVE_COMPILATION_CONDITIONS = DEBUG;
				SWIFT_OPTIMIZATION_LEVEL = "-Onone";
			};
			name = Debug;
		};
		05B1B83C21B048C400D7880D /* Release */ = {
			isa = XCBuildConfiguration;
			buildSettings = {
				ALWAYS_SEARCH_USER_PATHS = NO;
				CLANG_ANALYZER_NONNULL = YES;
				CLANG_ANALYZER_NUMBER_OBJECT_CONVERSION = YES_AGGRESSIVE;
				CLANG_CXX_LANGUAGE_STANDARD = "gnu++14";
				CLANG_CXX_LIBRARY = "libc++";
				CLANG_ENABLE_MODULES = YES;
				CLANG_ENABLE_OBJC_ARC = YES;
				CLANG_ENABLE_OBJC_WEAK = YES;
				CLANG_WARN_BLOCK_CAPTURE_AUTORELEASING = YES;
				CLANG_WARN_BOOL_CONVERSION = YES;
				CLANG_WARN_COMMA = YES;
				CLANG_WARN_CONSTANT_CONVERSION = YES;
				CLANG_WARN_DEPRECATED_OBJC_IMPLEMENTATIONS = YES;
				CLANG_WARN_DIRECT_OBJC_ISA_USAGE = YES_ERROR;
				CLANG_WARN_DOCUMENTATION_COMMENTS = YES;
				CLANG_WARN_EMPTY_BODY = YES;
				CLANG_WARN_ENUM_CONVERSION = YES;
				CLANG_WARN_INFINITE_RECURSION = YES;
				CLANG_WARN_INT_CONVERSION = YES;
				CLANG_WARN_NON_LITERAL_NULL_CONVERSION = YES;
				CLANG_WARN_OBJC_IMPLICIT_RETAIN_SELF = YES;
				CLANG_WARN_OBJC_LITERAL_CONVERSION = YES;
				CLANG_WARN_OBJC_ROOT_CLASS = YES_ERROR;
				CLANG_WARN_RANGE_LOOP_ANALYSIS = YES;
				CLANG_WARN_STRICT_PROTOTYPES = YES;
				CLANG_WARN_SUSPICIOUS_MOVE = YES;
				CLANG_WARN_UNGUARDED_AVAILABILITY = YES_AGGRESSIVE;
				CLANG_WARN_UNREACHABLE_CODE = YES;
				CLANG_WARN__DUPLICATE_METHOD_MATCH = YES;
				CODE_SIGN_IDENTITY = "iPhone Developer";
				COPY_PHASE_STRIP = NO;
				DEBUG_INFORMATION_FORMAT = "dwarf-with-dsym";
				ENABLE_NS_ASSERTIONS = NO;
				ENABLE_STRICT_OBJC_MSGSEND = YES;
				GCC_C_LANGUAGE_STANDARD = gnu11;
				GCC_NO_COMMON_BLOCKS = YES;
				GCC_WARN_64_TO_32_BIT_CONVERSION = YES;
				GCC_WARN_ABOUT_RETURN_TYPE = YES_ERROR;
				GCC_WARN_UNDECLARED_SELECTOR = YES;
				GCC_WARN_UNINITIALIZED_AUTOS = YES_AGGRESSIVE;
				GCC_WARN_UNUSED_FUNCTION = YES;
				GCC_WARN_UNUSED_VARIABLE = YES;
				IPHONEOS_DEPLOYMENT_TARGET = 12.0;
				MTL_ENABLE_DEBUG_INFO = NO;
				MTL_FAST_MATH = YES;
				SDKROOT = iphoneos;
				SWIFT_COMPILATION_MODE = wholemodule;
				SWIFT_OPTIMIZATION_LEVEL = "-O";
				VALIDATE_PRODUCT = YES;
			};
			name = Release;
		};
		05B1B83E21B048C400D7880D /* Debug */ = {
			isa = XCBuildConfiguration;
			buildSettings = {
				ASSETCATALOG_COMPILER_APPICON_NAME = AppIcon;
				CODE_SIGN_STYLE = Automatic;
				DEVELOPMENT_TEAM = UCK9FU72KZ;
				INFOPLIST_FILE = BabylonHealthDemo/Info.plist;
				LD_RUNPATH_SEARCH_PATHS = (
					"$(inherited)",
					"@executable_path/Frameworks",
				);
				PRODUCT_BUNDLE_IDENTIFIER = com.mzarmakoupis.BabylonHealthDemo;
				PRODUCT_NAME = "$(TARGET_NAME)";
				SWIFT_VERSION = 4.2;
				TARGETED_DEVICE_FAMILY = "1,2";
			};
			name = Debug;
		};
		05B1B83F21B048C400D7880D /* Release */ = {
			isa = XCBuildConfiguration;
			buildSettings = {
				ASSETCATALOG_COMPILER_APPICON_NAME = AppIcon;
				CODE_SIGN_STYLE = Automatic;
				DEVELOPMENT_TEAM = UCK9FU72KZ;
				INFOPLIST_FILE = BabylonHealthDemo/Info.plist;
				LD_RUNPATH_SEARCH_PATHS = (
					"$(inherited)",
					"@executable_path/Frameworks",
				);
				PRODUCT_BUNDLE_IDENTIFIER = com.mzarmakoupis.BabylonHealthDemo;
				PRODUCT_NAME = "$(TARGET_NAME)";
				SWIFT_VERSION = 4.2;
				TARGETED_DEVICE_FAMILY = "1,2";
			};
			name = Release;
		};
		05B1B84121B048C400D7880D /* Debug */ = {
			isa = XCBuildConfiguration;
			buildSettings = {
				ALWAYS_EMBED_SWIFT_STANDARD_LIBRARIES = YES;
				BUNDLE_LOADER = "$(TEST_HOST)";
				CLANG_ENABLE_MODULES = YES;
				CODE_SIGN_STYLE = Automatic;
				DEVELOPMENT_TEAM = UCK9FU72KZ;
				INFOPLIST_FILE = BabylonHealthDemoTests/Info.plist;
				LD_RUNPATH_SEARCH_PATHS = (
					"$(inherited)",
					"@executable_path/Frameworks",
					"@loader_path/Frameworks",
				);
				PRODUCT_BUNDLE_IDENTIFIER = com.mzarmakoupis.BabylonHealthDemoTests;
				PRODUCT_NAME = "$(TARGET_NAME)";
				SWIFT_OPTIMIZATION_LEVEL = "-Onone";
				SWIFT_VERSION = 4.2;
				TARGETED_DEVICE_FAMILY = "1,2";
				TEST_HOST = "$(BUILT_PRODUCTS_DIR)/BabylonHealthDemo.app/BabylonHealthDemo";
			};
			name = Debug;
		};
		05B1B84221B048C400D7880D /* Release */ = {
			isa = XCBuildConfiguration;
			buildSettings = {
				ALWAYS_EMBED_SWIFT_STANDARD_LIBRARIES = YES;
				BUNDLE_LOADER = "$(TEST_HOST)";
				CLANG_ENABLE_MODULES = YES;
				CODE_SIGN_STYLE = Automatic;
				DEVELOPMENT_TEAM = UCK9FU72KZ;
				INFOPLIST_FILE = BabylonHealthDemoTests/Info.plist;
				LD_RUNPATH_SEARCH_PATHS = (
					"$(inherited)",
					"@executable_path/Frameworks",
					"@loader_path/Frameworks",
				);
				PRODUCT_BUNDLE_IDENTIFIER = com.mzarmakoupis.BabylonHealthDemoTests;
				PRODUCT_NAME = "$(TARGET_NAME)";
				SWIFT_VERSION = 4.2;
				TARGETED_DEVICE_FAMILY = "1,2";
				TEST_HOST = "$(BUILT_PRODUCTS_DIR)/BabylonHealthDemo.app/BabylonHealthDemo";
			};
			name = Release;
		};
/* End XCBuildConfiguration section */

/* Begin XCConfigurationList section */
		05B1B81821B048C300D7880D /* Build configuration list for PBXProject "BabylonHealthDemo" */ = {
			isa = XCConfigurationList;
			buildConfigurations = (
				05B1B83B21B048C400D7880D /* Debug */,
				05B1B83C21B048C400D7880D /* Release */,
			);
			defaultConfigurationIsVisible = 0;
			defaultConfigurationName = Release;
		};
		05B1B83D21B048C400D7880D /* Build configuration list for PBXNativeTarget "BabylonHealthDemo" */ = {
			isa = XCConfigurationList;
			buildConfigurations = (
				05B1B83E21B048C400D7880D /* Debug */,
				05B1B83F21B048C400D7880D /* Release */,
			);
			defaultConfigurationIsVisible = 0;
			defaultConfigurationName = Release;
		};
		05B1B84021B048C400D7880D /* Build configuration list for PBXNativeTarget "BabylonHealthDemoTests" */ = {
			isa = XCConfigurationList;
			buildConfigurations = (
				05B1B84121B048C400D7880D /* Debug */,
				05B1B84221B048C400D7880D /* Release */,
			);
			defaultConfigurationIsVisible = 0;
			defaultConfigurationName = Release;
		};
/* End XCConfigurationList section */

/* Begin XCVersionGroup section */
		05B1B87021B42E5C00D7880D /* BabylonHealthDemo.xcdatamodeld */ = {
			isa = XCVersionGroup;
			children = (
				05B1B87121B42E5C00D7880D /* BabylonHealthDemo.xcdatamodel */,
			);
			currentVersion = 05B1B87121B42E5C00D7880D /* BabylonHealthDemo.xcdatamodel */;
			path = BabylonHealthDemo.xcdatamodeld;
			sourceTree = "<group>";
			versionGroupType = wrapper.xcdatamodel;
		};
/* End XCVersionGroup section */
	};
	rootObject = 05B1B81521B048C300D7880D /* Project object */;
}
